
Microsoft Visual Studio Solution File, Format Version 12.00
# Visual Studio Version 16
VisualStudioVersion = 16.0.30011.22
MinimumVisualStudioVersion = 10.0.40219.1
Project("{9A19103F-16F7-4668-BE54-9A1E7A4F7556}") = "DerogationSystemWeb", "DerogationSystemWeb\DerogationSystemWeb.csproj", "{3D1917BD-40A6-443F-AE81-D6F309F09E57}"
EndProject
Project("{2150E333-8FDC-42A3-9474-1A3956D46DE8}") = "Solution Items", "Solution Items", "{0B44C30B-25E8-4089-90D4-4E08C4F67C3C}"
	ProjectSection(SolutionItems) = preProject
		1__Add_Id_in_all_tables.sql = 1__Add_Id_in_all_tables.sql
		2__Increse_nvarchar_columns.sql = 2__Increse_nvarchar_columns.sql
		3__Add_references_to_derg_item.sql = 3__Add_references_to_derg_item.sql
	EndProjectSection
EndProject
Global
	GlobalSection(SolutionConfigurationPlatforms) = preSolution
		Debug|Any CPU = Debug|Any CPU
		Release|Any CPU = Release|Any CPU
	EndGlobalSection
	GlobalSection(ProjectConfigurationPlatforms) = postSolution
		{3D1917BD-40A6-443F-AE81-D6F309F09E57}.Debug|Any CPU.ActiveCfg = Debug|Any CPU
		{3D1917BD-40A6-443F-AE81-D6F309F09E57}.Debug|Any CPU.Build.0 = Debug|Any CPU
		{3D1917BD-40A6-443F-AE81-D6F309F09E57}.Release|Any CPU.ActiveCfg = Release|Any CPU
		{3D1917BD-40A6-443F-AE81-D6F309F09E57}.Release|Any CPU.Build.0 = Release|Any CPU
	EndGlobalSection
	GlobalSection(SolutionProperties) = preSolution
		HideSolutionNode = FALSE
	EndGlobalSection
	GlobalSection(ExtensibilityGlobals) = postSolution
		SolutionGuid = {A84768FA-C7EB-4ED2-A86C-975F1D808B54}
	EndGlobalSection
EndGlobal
